
Microsoft Visual Studio Solution File, Format Version 12.00
# Visual Studio Version 16
VisualStudioVersion = 16.0.30907.101
MinimumVisualStudioVersion = 10.0.40219.1
Project("{FAE04EC0-301F-11D3-BF4B-00C04F79EFBC}") = "ShoppingCartWebApplication", "ShoppingCartWebApplication\ShoppingCartWebApplication.csproj", "{40A22000-1D8A-404A-B143-75234B5B78B2}"
EndProject
Global
	GlobalSection(SolutionConfigurationPlatforms) = preSolution
		Debug|Any CPU = Debug|Any CPU
		Release|Any CPU = Release|Any CPU
	EndGlobalSection
	GlobalSection(ProjectConfigurationPlatforms) = postSolution
		{40A22000-1D8A-404A-B143-75234B5B78B2}.Debug|Any CPU.ActiveCfg = Debug|Any CPU
		{40A22000-1D8A-404A-B143-75234B5B78B2}.Debug|Any CPU.Build.0 = Debug|Any CPU
		{40A22000-1D8A-404A-B143-75234B5B78B2}.Release|Any CPU.ActiveCfg = Release|Any CPU
		{40A22000-1D8A-404A-B143-75234B5B78B2}.Release|Any CPU.Build.0 = Release|Any CPU
	EndGlobalSection
	GlobalSection(SolutionProperties) = preSolution
		HideSolutionNode = FALSE
	EndGlobalSection
	GlobalSection(ExtensibilityGlobals) = postSolution
		SolutionGuid = {0E94DD2E-75C4-4B28-9361-D47E628D68F8}
	EndGlobalSection
EndGlobal
